{
  "name": "Othello-IA",
  "lockfileVersion": 2,
  "requires": true,
  "packages": {
    "": {
      "dependencies": {
        "lodash.clonedeepwith": "^4.5.0"
      }
    },
    "node_modules/lodash.clonedeepwith": {
      "version": "4.5.0",
      "resolved": "https://registry.npmjs.org/lodash.clonedeepwith/-/lodash.clonedeepwith-4.5.0.tgz",
      "integrity": "sha1-buMFc6A6GmDWcKYu8zwQzxr9vdQ="
    }
  },
  "dependencies": {
    "lodash.clonedeepwith": {
      "version": "4.5.0",
      "resolved": "https://registry.npmjs.org/lodash.clonedeepwith/-/lodash.clonedeepwith-4.5.0.tgz",
      "integrity": "sha1-buMFc6A6GmDWcKYu8zwQzxr9vdQ="
    }
  }
}
